
Microsoft Visual Studio Solution File, Format Version 12.00
# Visual Studio Version 17
VisualStudioVersion = 17.14.36408.4
MinimumVisualStudioVersion = 10.0.40219.1
Project("{2150E333-8FDC-42A3-9474-1A3956D46DE8}") = "01", "01", "{02EA681E-C7D8-13C7-8484-4AC65E1B71E8}"
EndProject
Project("{FAE04EC0-301F-11D3-BF4B-00C04F79EFBC}") = "IsNumberOddOrNot", "IsNumberOddOrNot\IsNumberOddOrNot.csproj", "{CE4C94A1-1BB4-445A-B48F-06641F40B333}"
EndProject
Project("{2150E333-8FDC-42A3-9474-1A3956D46DE8}") = "02", "02", "{8230B6B2-4F15-4577-8100-20B41EAB5AAD}"
EndProject
Project("{FAE04EC0-301F-11D3-BF4B-00C04F79EFBC}") = "TheGreatherNumber", "TheGreatherNumber\TheGreatherNumber.csproj", "{88CA566D-61BA-41DF-A248-C37CD6C2480E}"
EndProject
Project("{2150E333-8FDC-42A3-9474-1A3956D46DE8}") = "03", "03", "{EDA6390F-100C-4B17-AF47-FDE7F13E94EB}"
EndProject
Project("{FAE04EC0-301F-11D3-BF4B-00C04F79EFBC}") = "SortNumbers", "SortNumbers\SortNumbers.csproj", "{3C69692E-6704-4CB0-A695-A34FA6877671}"
EndProject
Project("{2150E333-8FDC-42A3-9474-1A3956D46DE8}") = "04", "04", "{E8EEFEF7-4C1E-46FC-8685-1B37EC5A6468}"
EndProject
Project("{FAE04EC0-301F-11D3-BF4B-00C04F79EFBC}") = "IsMultipleOfAnother", "IsMultipleOfAnother\IsMultipleOfAnother.csproj", "{53BEC62B-A06F-4DE4-9D55-F5C745BA04A2}"
EndProject
Project("{2150E333-8FDC-42A3-9474-1A3956D46DE8}") = "05", "05", "{5317FD73-9210-41B8-9E60-94E3F0D8CFAB}"
EndProject
Project("{FAE04EC0-301F-11D3-BF4B-00C04F79EFBC}") = "LeapYear", "LeapYear\LeapYear.csproj", "{D7B8794F-8DFF-4D4B-8733-690E04EB2B3D}"
EndProject
Project("{2150E333-8FDC-42A3-9474-1A3956D46DE8}") = "Shared", "Shared", "{2E753C7C-7227-4637-BE4E-34454DDF006A}"
EndProject
Project("{FAE04EC0-301F-11D3-BF4B-00C04F79EFBC}") = "Shared", "Shared\Shared.csproj", "{65EBF42E-7EB8-47E2-AF40-CC27A57E3A67}"
EndProject
Project("{2150E333-8FDC-42A3-9474-1A3956D46DE8}") = "06", "06", "{95347253-7D28-45F4-9DFC-D4BFBA00A36B}"
EndProject
Project("{FAE04EC0-301F-11D3-BF4B-00C04F79EFBC}") = "SimpleRoster", "SimpleRoster\SimpleRoster.csproj", "{71DAC35F-49D6-430D-B9A2-77920BADABFF}"
EndProject
Project("{FAE04EC0-301F-11D3-BF4B-00C04F79EFBC}") = "Calculate", "Calculate\Calculate.csproj", "{44F36887-45BC-4796-9B53-9AF0B4C50DF0}"
EndProject
Project("{2150E333-8FDC-42A3-9474-1A3956D46DE8}") = "07", "07", "{062EC01D-254E-4524-9D33-75634BB1F890}"
EndProject
Project("{FAE04EC0-301F-11D3-BF4B-00C04F79EFBC}") = "Discounts", "Discounts\Discounts.csproj", "{E2851A54-147C-48F0-BE13-D122F4AABEB7}"
EndProject
Project("{2150E333-8FDC-42A3-9474-1A3956D46DE8}") = "08", "08", "{14AA853B-AE59-488E-BBCA-4871E276E2DE}"
EndProject
Project("{FAE04EC0-301F-11D3-BF4B-00C04F79EFBC}") = "TuitionValue", "TuitionValue\TuitionValue.csproj", "{F43BE453-42D8-43CC-9D70-FF2299B47785}"
EndProject
Project("{2150E333-8FDC-42A3-9474-1A3956D46DE8}") = "09", "09", "{BB09E66E-6021-4485-9704-D4621F8D10E9}"
EndProject
Project("{FAE04EC0-301F-11D3-BF4B-00C04F79EFBC}") = "Mercharndise", "Mercharndise\Mercharndise.csproj", "{5DD40167-511D-4067-8A03-4752B375D3C5}"
EndProject
Project("{2150E333-8FDC-42A3-9474-1A3956D46DE8}") = "10", "10", "{4B70C5D0-BC8C-49C4-B411-3F0D8666A956}"
EndProject
Project("{FAE04EC0-301F-11D3-BF4B-00C04F79EFBC}") = "Werehouses", "Werehouses\Werehouses.csproj", "{A992DF29-DDF7-4CE0-BD2C-A58E45B66880}"
EndProject
Global
	GlobalSection(SolutionConfigurationPlatforms) = preSolution
		Debug|Any CPU = Debug|Any CPU
		Release|Any CPU = Release|Any CPU
	EndGlobalSection
	GlobalSection(ProjectConfigurationPlatforms) = postSolution
		{CE4C94A1-1BB4-445A-B48F-06641F40B333}.Debug|Any CPU.ActiveCfg = Debug|Any CPU
		{CE4C94A1-1BB4-445A-B48F-06641F40B333}.Debug|Any CPU.Build.0 = Debug|Any CPU
		{CE4C94A1-1BB4-445A-B48F-06641F40B333}.Release|Any CPU.ActiveCfg = Release|Any CPU
		{CE4C94A1-1BB4-445A-B48F-06641F40B333}.Release|Any CPU.Build.0 = Release|Any CPU
		{88CA566D-61BA-41DF-A248-C37CD6C2480E}.Debug|Any CPU.ActiveCfg = Debug|Any CPU
		{88CA566D-61BA-41DF-A248-C37CD6C2480E}.Debug|Any CPU.Build.0 = Debug|Any CPU
		{88CA566D-61BA-41DF-A248-C37CD6C2480E}.Release|Any CPU.ActiveCfg = Release|Any CPU
		{88CA566D-61BA-41DF-A248-C37CD6C2480E}.Release|Any CPU.Build.0 = Release|Any CPU
		{3C69692E-6704-4CB0-A695-A34FA6877671}.Debug|Any CPU.ActiveCfg = Debug|Any CPU
		{3C69692E-6704-4CB0-A695-A34FA6877671}.Debug|Any CPU.Build.0 = Debug|Any CPU
		{3C69692E-6704-4CB0-A695-A34FA6877671}.Release|Any CPU.ActiveCfg = Release|Any CPU
		{3C69692E-6704-4CB0-A695-A34FA6877671}.Release|Any CPU.Build.0 = Release|Any CPU
		{53BEC62B-A06F-4DE4-9D55-F5C745BA04A2}.Debug|Any CPU.ActiveCfg = Debug|Any CPU
		{53BEC62B-A06F-4DE4-9D55-F5C745BA04A2}.Debug|Any CPU.Build.0 = Debug|Any CPU
		{53BEC62B-A06F-4DE4-9D55-F5C745BA04A2}.Release|Any CPU.ActiveCfg = Release|Any CPU
		{53BEC62B-A06F-4DE4-9D55-F5C745BA04A2}.Release|Any CPU.Build.0 = Release|Any CPU
		{D7B8794F-8DFF-4D4B-8733-690E04EB2B3D}.Debug|Any CPU.ActiveCfg = Debug|Any CPU
		{D7B8794F-8DFF-4D4B-8733-690E04EB2B3D}.Debug|Any CPU.Build.0 = Debug|Any CPU
		{D7B8794F-8DFF-4D4B-8733-690E04EB2B3D}.Release|Any CPU.ActiveCfg = Release|Any CPU
		{D7B8794F-8DFF-4D4B-8733-690E04EB2B3D}.Release|Any CPU.Build.0 = Release|Any CPU
		{65EBF42E-7EB8-47E2-AF40-CC27A57E3A67}.Debug|Any CPU.ActiveCfg = Debug|Any CPU
		{65EBF42E-7EB8-47E2-AF40-CC27A57E3A67}.Debug|Any CPU.Build.0 = Debug|Any CPU
		{65EBF42E-7EB8-47E2-AF40-CC27A57E3A67}.Release|Any CPU.ActiveCfg = Release|Any CPU
		{65EBF42E-7EB8-47E2-AF40-CC27A57E3A67}.Release|Any CPU.Build.0 = Release|Any CPU
		{71DAC35F-49D6-430D-B9A2-77920BADABFF}.Debug|Any CPU.ActiveCfg = Debug|Any CPU
		{71DAC35F-49D6-430D-B9A2-77920BADABFF}.Debug|Any CPU.Build.0 = Debug|Any CPU
		{71DAC35F-49D6-430D-B9A2-77920BADABFF}.Release|Any CPU.ActiveCfg = Release|Any CPU
		{71DAC35F-49D6-430D-B9A2-77920BADABFF}.Release|Any CPU.Build.0 = Release|Any CPU
		{44F36887-45BC-4796-9B53-9AF0B4C50DF0}.Debug|Any CPU.ActiveCfg = Debug|Any CPU
		{44F36887-45BC-4796-9B53-9AF0B4C50DF0}.Debug|Any CPU.Build.0 = Debug|Any CPU
		{44F36887-45BC-4796-9B53-9AF0B4C50DF0}.Release|Any CPU.ActiveCfg = Release|Any CPU
		{44F36887-45BC-4796-9B53-9AF0B4C50DF0}.Release|Any CPU.Build.0 = Release|Any CPU
		{E2851A54-147C-48F0-BE13-D122F4AABEB7}.Debug|Any CPU.ActiveCfg = Debug|Any CPU
		{E2851A54-147C-48F0-BE13-D122F4AABEB7}.Debug|Any CPU.Build.0 = Debug|Any CPU
		{E2851A54-147C-48F0-BE13-D122F4AABEB7}.Release|Any CPU.ActiveCfg = Release|Any CPU
		{E2851A54-147C-48F0-BE13-D122F4AABEB7}.Release|Any CPU.Build.0 = Release|Any CPU
		{F43BE453-42D8-43CC-9D70-FF2299B47785}.Debug|Any CPU.ActiveCfg = Debug|Any CPU
		{F43BE453-42D8-43CC-9D70-FF2299B47785}.Debug|Any CPU.Build.0 = Debug|Any CPU
		{F43BE453-42D8-43CC-9D70-FF2299B47785}.Release|Any CPU.ActiveCfg = Release|Any CPU
		{F43BE453-42D8-43CC-9D70-FF2299B47785}.Release|Any CPU.Build.0 = Release|Any CPU
		{5DD40167-511D-4067-8A03-4752B375D3C5}.Debug|Any CPU.ActiveCfg = Debug|Any CPU
		{5DD40167-511D-4067-8A03-4752B375D3C5}.Debug|Any CPU.Build.0 = Debug|Any CPU
		{5DD40167-511D-4067-8A03-4752B375D3C5}.Release|Any CPU.ActiveCfg = Release|Any CPU
		{5DD40167-511D-4067-8A03-4752B375D3C5}.Release|Any CPU.Build.0 = Release|Any CPU
		{A992DF29-DDF7-4CE0-BD2C-A58E45B66880}.Debug|Any CPU.ActiveCfg = Debug|Any CPU
		{A992DF29-DDF7-4CE0-BD2C-A58E45B66880}.Debug|Any CPU.Build.0 = Debug|Any CPU
		{A992DF29-DDF7-4CE0-BD2C-A58E45B66880}.Release|Any CPU.ActiveCfg = Release|Any CPU
		{A992DF29-DDF7-4CE0-BD2C-A58E45B66880}.Release|Any CPU.Build.0 = Release|Any CPU
	EndGlobalSection
	GlobalSection(SolutionProperties) = preSolution
		HideSolutionNode = FALSE
	EndGlobalSection
	GlobalSection(NestedProjects) = preSolution
		{CE4C94A1-1BB4-445A-B48F-06641F40B333} = {02EA681E-C7D8-13C7-8484-4AC65E1B71E8}
		{88CA566D-61BA-41DF-A248-C37CD6C2480E} = {8230B6B2-4F15-4577-8100-20B41EAB5AAD}
		{3C69692E-6704-4CB0-A695-A34FA6877671} = {EDA6390F-100C-4B17-AF47-FDE7F13E94EB}
		{53BEC62B-A06F-4DE4-9D55-F5C745BA04A2} = {E8EEFEF7-4C1E-46FC-8685-1B37EC5A6468}
		{D7B8794F-8DFF-4D4B-8733-690E04EB2B3D} = {5317FD73-9210-41B8-9E60-94E3F0D8CFAB}
		{65EBF42E-7EB8-47E2-AF40-CC27A57E3A67} = {2E753C7C-7227-4637-BE4E-34454DDF006A}
		{71DAC35F-49D6-430D-B9A2-77920BADABFF} = {95347253-7D28-45F4-9DFC-D4BFBA00A36B}
		{44F36887-45BC-4796-9B53-9AF0B4C50DF0} = {2E753C7C-7227-4637-BE4E-34454DDF006A}
		{E2851A54-147C-48F0-BE13-D122F4AABEB7} = {062EC01D-254E-4524-9D33-75634BB1F890}
		{F43BE453-42D8-43CC-9D70-FF2299B47785} = {14AA853B-AE59-488E-BBCA-4871E276E2DE}
		{5DD40167-511D-4067-8A03-4752B375D3C5} = {BB09E66E-6021-4485-9704-D4621F8D10E9}
		{A992DF29-DDF7-4CE0-BD2C-A58E45B66880} = {4B70C5D0-BC8C-49C4-B411-3F0D8666A956}
	EndGlobalSection
	GlobalSection(ExtensibilityGlobals) = postSolution
		SolutionGuid = {DF498315-3984-41D5-925C-B0B763B15712}
	EndGlobalSection
EndGlobal
